
Microsoft Visual Studio Solution File, Format Version 12.00
Project("{FAE04EC0-301F-11D3-BF4B-00C04F79EFBC}") = "SWE1-MTCG", "SWE1-MTCG\SWE1-MTCG.csproj", "{932B1571-6B84-4EA6-B0F7-AB94A4FDE0B9}"
EndProject
Project("{FAE04EC0-301F-11D3-BF4B-00C04F79EFBC}") = "SWE1-MTCG-Tests", "SWE1-MTCG-Tests\SWE1-MTCG-Tests.csproj", "{9E3AF961-4896-4B5D-93CF-8DAFFA83867D}"
EndProject
Global
	GlobalSection(SolutionConfigurationPlatforms) = preSolution
		Debug|Any CPU = Debug|Any CPU
		Release|Any CPU = Release|Any CPU
	EndGlobalSection
	GlobalSection(ProjectConfigurationPlatforms) = postSolution
		{932B1571-6B84-4EA6-B0F7-AB94A4FDE0B9}.Debug|Any CPU.ActiveCfg = Debug|Any CPU
		{932B1571-6B84-4EA6-B0F7-AB94A4FDE0B9}.Debug|Any CPU.Build.0 = Debug|Any CPU
		{932B1571-6B84-4EA6-B0F7-AB94A4FDE0B9}.Release|Any CPU.ActiveCfg = Release|Any CPU
		{932B1571-6B84-4EA6-B0F7-AB94A4FDE0B9}.Release|Any CPU.Build.0 = Release|Any CPU
		{9E3AF961-4896-4B5D-93CF-8DAFFA83867D}.Debug|Any CPU.ActiveCfg = Debug|Any CPU
		{9E3AF961-4896-4B5D-93CF-8DAFFA83867D}.Debug|Any CPU.Build.0 = Debug|Any CPU
		{9E3AF961-4896-4B5D-93CF-8DAFFA83867D}.Release|Any CPU.ActiveCfg = Release|Any CPU
		{9E3AF961-4896-4B5D-93CF-8DAFFA83867D}.Release|Any CPU.Build.0 = Release|Any CPU
	EndGlobalSection
EndGlobal
